
Microsoft Visual Studio Solution File, Format Version 12.00
# Visual Studio Version 17
VisualStudioVersion = 17.8.34408.163
MinimumVisualStudioVersion = 10.0.40219.1
Project("{9A19103F-16F7-4668-BE54-9A1E7A4F7556}") = "InstaWeb", "InstaWeb\InstaWeb.csproj", "{107B854C-F393-4FF8-BEC3-2E8CED218903}"
EndProject
Project("{9A19103F-16F7-4668-BE54-9A1E7A4F7556}") = "InstaWeb.Infrastructure", "InstaWeb.Infrastructure\InstaWeb.Infrastructure.csproj", "{2BE8FBFF-58FB-493E-936D-500646B2F16D}"
EndProject
Project("{9A19103F-16F7-4668-BE54-9A1E7A4F7556}") = "InstaWeb.Application", "InstaWeb.Application\InstaWeb.Application.csproj", "{52127FFD-AADF-4923-8D2B-23D458F6B276}"
EndProject
Global
	GlobalSection(SolutionConfigurationPlatforms) = preSolution
		Debug|Any CPU = Debug|Any CPU
		Release|Any CPU = Release|Any CPU
	EndGlobalSection
	GlobalSection(ProjectConfigurationPlatforms) = postSolution
		{107B854C-F393-4FF8-BEC3-2E8CED218903}.Debug|Any CPU.ActiveCfg = Debug|Any CPU
		{107B854C-F393-4FF8-BEC3-2E8CED218903}.Debug|Any CPU.Build.0 = Debug|Any CPU
		{107B854C-F393-4FF8-BEC3-2E8CED218903}.Release|Any CPU.ActiveCfg = Release|Any CPU
		{107B854C-F393-4FF8-BEC3-2E8CED218903}.Release|Any CPU.Build.0 = Release|Any CPU
		{2BE8FBFF-58FB-493E-936D-500646B2F16D}.Debug|Any CPU.ActiveCfg = Debug|Any CPU
		{2BE8FBFF-58FB-493E-936D-500646B2F16D}.Debug|Any CPU.Build.0 = Debug|Any CPU
		{2BE8FBFF-58FB-493E-936D-500646B2F16D}.Release|Any CPU.ActiveCfg = Release|Any CPU
		{2BE8FBFF-58FB-493E-936D-500646B2F16D}.Release|Any CPU.Build.0 = Release|Any CPU
		{52127FFD-AADF-4923-8D2B-23D458F6B276}.Debug|Any CPU.ActiveCfg = Debug|Any CPU
		{52127FFD-AADF-4923-8D2B-23D458F6B276}.Debug|Any CPU.Build.0 = Debug|Any CPU
		{52127FFD-AADF-4923-8D2B-23D458F6B276}.Release|Any CPU.ActiveCfg = Release|Any CPU
		{52127FFD-AADF-4923-8D2B-23D458F6B276}.Release|Any CPU.Build.0 = Release|Any CPU
	EndGlobalSection
	GlobalSection(SolutionProperties) = preSolution
		HideSolutionNode = FALSE
	EndGlobalSection
	GlobalSection(ExtensibilityGlobals) = postSolution
		SolutionGuid = {5CCD4D52-BED4-4E38-9272-35EC905A40A7}
	EndGlobalSection
EndGlobal
